
Microsoft Visual Studio Solution File, Format Version 12.00
# Visual Studio Version 17
VisualStudioVersion = 17.4.33103.184
MinimumVisualStudioVersion = 10.0.40219.1
Project("{9A19103F-16F7-4668-BE54-9A1E7A4F7556}") = "MagicVilla_VillaAPI", "MagicVilla_VillaAPI\MagicVilla_VillaAPI.csproj", "{CC26586A-AACC-409A-9AD3-17CE7DEF3DF1}"
EndProject
Project("{9A19103F-16F7-4668-BE54-9A1E7A4F7556}") = "MagicVilla_Web", "MagicVilla_Web\MagicVilla_Web.csproj", "{1F5A8FE7-9F8D-405F-AEFF-41A7216E4318}"
EndProject
Project("{FAE04EC0-301F-11D3-BF4B-00C04F79EFBC}") = "MagicVilla_Utility", "MagicVilla_Utility\MagicVilla_Utility.csproj", "{CC7B8970-2DC1-484A-8E0F-F2E885537DB0}"
EndProject
Global
	GlobalSection(SolutionConfigurationPlatforms) = preSolution
		Debug|Any CPU = Debug|Any CPU
		Release|Any CPU = Release|Any CPU
	EndGlobalSection
	GlobalSection(ProjectConfigurationPlatforms) = postSolution
		{CC26586A-AACC-409A-9AD3-17CE7DEF3DF1}.Debug|Any CPU.ActiveCfg = Debug|Any CPU
		{CC26586A-AACC-409A-9AD3-17CE7DEF3DF1}.Debug|Any CPU.Build.0 = Debug|Any CPU
		{CC26586A-AACC-409A-9AD3-17CE7DEF3DF1}.Release|Any CPU.ActiveCfg = Release|Any CPU
		{CC26586A-AACC-409A-9AD3-17CE7DEF3DF1}.Release|Any CPU.Build.0 = Release|Any CPU
		{1F5A8FE7-9F8D-405F-AEFF-41A7216E4318}.Debug|Any CPU.ActiveCfg = Debug|Any CPU
		{1F5A8FE7-9F8D-405F-AEFF-41A7216E4318}.Debug|Any CPU.Build.0 = Debug|Any CPU
		{1F5A8FE7-9F8D-405F-AEFF-41A7216E4318}.Release|Any CPU.ActiveCfg = Release|Any CPU
		{1F5A8FE7-9F8D-405F-AEFF-41A7216E4318}.Release|Any CPU.Build.0 = Release|Any CPU
		{CC7B8970-2DC1-484A-8E0F-F2E885537DB0}.Debug|Any CPU.ActiveCfg = Debug|Any CPU
		{CC7B8970-2DC1-484A-8E0F-F2E885537DB0}.Debug|Any CPU.Build.0 = Debug|Any CPU
		{CC7B8970-2DC1-484A-8E0F-F2E885537DB0}.Release|Any CPU.ActiveCfg = Release|Any CPU
		{CC7B8970-2DC1-484A-8E0F-F2E885537DB0}.Release|Any CPU.Build.0 = Release|Any CPU
	EndGlobalSection
	GlobalSection(SolutionProperties) = preSolution
		HideSolutionNode = FALSE
	EndGlobalSection
	GlobalSection(ExtensibilityGlobals) = postSolution
		SolutionGuid = {DE747356-6868-4716-B91E-B49BA3FD7118}
	EndGlobalSection
EndGlobal
